PODS:
  - Flutter (1.0.0)
  - flutter_vlc_player (3.0.3):
    - Flutter
    - MobileVLCKit (~> 3.6.1b1)
  - MobileVLCKit (3.6.1b1)
  - native_glass_navbar (0.0.1):
    - Flutter

DEPENDENCIES:
  - Flutter (from `Flutter`)
  - flutter_vlc_player (from `.symlinks/plugins/flutter_vlc_player/ios`)
  - native_glass_navbar (from `.symlinks/plugins/native_glass_navbar/ios`)

SPEC REPOS:
  trunk:
    - MobileVLCKit

EXTERNAL SOURCES:
  Flutter:
    :path: Flutter
  flutter_vlc_player:
    :path: ".symlinks/plugins/flutter_vlc_player/ios"
  native_glass_navbar:
    :path: ".symlinks/plugins/native_glass_navbar/ios"

SPEC CHECKSUMS:
  Flutter: cabc95a1d2626b1b06e7179b784ebcf0c0cde467
  flutter_vlc_player: 5464f594a9338e080d240bbe7b10ffe30c7bc8bc
  MobileVLCKit: 2d9c7c373393ae43086aeeff890bf0b1afc15c5c
  native_glass_navbar: ca05c3855b2bcce8b117a6db54f51e63e149f032

PODFILE CHECKSUM: ce2a4dd764e1c7aeed6a7cdc5e61d092b6dc6d32

COCOAPODS: 1.16.2
